
Microsoft Visual Studio Solution File, Format Version 12.00
# Visual Studio 14
VisualStudioVersion = 14.0.25420.1
MinimumVisualStudioVersion = 10.0.40219.1
Project("{FAE04EC0-301F-11D3-BF4B-00C04F79EFBC}") = "上机练习", "上机练习\上机练习.csproj", "{AEA6EAF0-E986-4234-A096-667E788F19C1}"
EndProject
Project("{FAE04EC0-301F-11D3-BF4B-00C04F79EFBC}") = "Ex3-1PageObj", "Example3-1\Ex3-1PageObj.csproj", "{BC2D1CA0-28AA-465E-A8CB-EBE99A01AB9B}"
EndProject
Project("{FAE04EC0-301F-11D3-BF4B-00C04F79EFBC}") = "ex3-2-RequestObj", "ex3-2-RequestObj\ex3-2-RequestObj.csproj", "{70E97CF8-A0D0-4D40-A755-86C51B97BC78}"
EndProject
Project("{FAE04EC0-301F-11D3-BF4B-00C04F79EFBC}") = "Ex3-3ResponseObj", "Ex3-3ResponseObj\Ex3-3ResponseObj.csproj", "{7FF3336D-A52B-437E-B5D7-35495DFAEEA9}"
EndProject
Project("{FAE04EC0-301F-11D3-BF4B-00C04F79EFBC}") = "Ex3-4ServerObj", "Ex3-4ServerObj\Ex3-4ServerObj.csproj", "{23F332B3-D97A-4C4E-BA86-5666DB90192C}"
EndProject
Project("{FAE04EC0-301F-11D3-BF4B-00C04F79EFBC}") = "Ex3-5CookieObj", "Ex3-5CookieObj\Ex3-5CookieObj.csproj", "{F3CE16F9-E628-46B4-805C-6EABA7596EF3}"
EndProject
Project("{FAE04EC0-301F-11D3-BF4B-00C04F79EFBC}") = "Ex3-6SessionObj", "Ex3-6SessionObj\Ex3-6SessionObj.csproj", "{E6686113-54E6-463A-875B-D558F59AE86F}"
EndProject
Project("{FAE04EC0-301F-11D3-BF4B-00C04F79EFBC}") = "Ex3-7ApplicationObj", "Ex3-7ApplicationObj\Ex3-7ApplicationObj.csproj", "{E6BCC5F7-6347-4577-84AA-CF2F23A7F905}"
EndProject
Project("{2150E333-8FDC-42A3-9474-1A3956D46DE8}") = "window", "window", "{5666F1B7-FB19-42DD-8632-C29E5DA800F3}"
EndProject
Project("{2150E333-8FDC-42A3-9474-1A3956D46DE8}") = "aspnet", "aspnet", "{E115533A-3280-47B9-A0EA-4674D86F84D7}"
EndProject
Project("{FAE04EC0-301F-11D3-BF4B-00C04F79EFBC}") = "hellowordcs", "ex_Window\hellowordcs\hellowordcs\hellowordcs.csproj", "{07082F11-244A-4618-8EC3-AAC7E30F47B8}"
EndProject
Project("{FAE04EC0-301F-11D3-BF4B-00C04F79EFBC}") = "StartFormByLClosePosition", "ex_Window\LoadPosition\StartFormByLClosePosition\StartFormByLClosePosition.csproj", "{6147D344-0195-4799-944F-91BF5F384C60}"
EndProject
Project("{FAE04EC0-301F-11D3-BF4B-00C04F79EFBC}") = "LoadPosition", "ex_Window\LoadPosition\LoadPosition\LoadPosition.csproj", "{9C93F9DB-137B-4514-B374-77F473EC3D3E}"
EndProject
Project("{FAE04EC0-301F-11D3-BF4B-00C04F79EFBC}") = "SetLocation", "ex_Window\LoadPosition\SetLocation\SetLocation.csproj", "{B0BB65BF-5AC9-42AE-B479-86B40099CEA9}"
EndProject
Project("{FAE04EC0-301F-11D3-BF4B-00C04F79EFBC}") = "Ex3-8ViewStateObj", "Ex3-8ViewStateObj\Ex3-8ViewStateObj.csproj", "{51D73F9E-CA99-46C3-9B65-21F71A4B056F}"
EndProject
Project("{FAE04EC0-301F-11D3-BF4B-00C04F79EFBC}") = "Ex4-3ImageButtonObj", "Ex4-3ImageButtonObj\Ex4-3ImageButtonObj.csproj", "{7E2B65D4-19B1-4B72-9D0A-8F97A1DE8A9A}"
EndProject
Project("{FAE04EC0-301F-11D3-BF4B-00C04F79EFBC}") = "Ex5-6ValidationSummaryObj", "Ex5-6ValidationSummaryObj\Ex5-6ValidationSummaryObj.csproj", "{9786075E-A735-489A-8B17-B096D1E49C61}"
EndProject
Project("{FAE04EC0-301F-11D3-BF4B-00C04F79EFBC}") = "Ex6-2Ado", "Ex6-2Ado\Ex6-2Ado.csproj", "{196B2D80-25EA-47B3-8E91-AC0A75112DBD}"
EndProject
Project("{FAE04EC0-301F-11D3-BF4B-00C04F79EFBC}") = "Ex6-1DataSet", "Ex6-1DataSet\Ex6-1DataSet.csproj", "{DCDA7590-7383-4406-A98A-B9153C26C852}"
EndProject
Project("{FAE04EC0-301F-11D3-BF4B-00C04F79EFBC}") = "Ex6-3DataAdapter", "Ex6-3DataAdapter\Ex6-3DataAdapter.csproj", "{21F615CA-E54F-4529-867D-6A2E31F33310}"
EndProject
Project("{FAE04EC0-301F-11D3-BF4B-00C04F79EFBC}") = "Ex6-4InsertDBData", "Ex6-4InsertDBData\Ex6-4InsertDBData.csproj", "{E7E268FA-5C36-4B15-9182-74D108FB2E62}"
EndProject
Project("{FAE04EC0-301F-11D3-BF4B-00C04F79EFBC}") = "Ex6-5UpdateDBData", "Ex6-5UpdateDBData\Ex6-5UpdateDBData.csproj", "{DBAB464D-4B80-41E3-A30F-1A02CA9FA337}"
EndProject
Project("{FAE04EC0-301F-11D3-BF4B-00C04F79EFBC}") = "Ex6-6DeleteDBData", "Ex6-6DeleteDBData\Ex6-6DeleteDBData.csproj", "{F1077E09-277B-4BDF-B166-66C23A2CA314}"
EndProject
Global
	GlobalSection(SolutionConfigurationPlatforms) = preSolution
		Debug|Any CPU = Debug|Any CPU
		Release|Any CPU = Release|Any CPU
	EndGlobalSection
	GlobalSection(ProjectConfigurationPlatforms) = postSolution
		{AEA6EAF0-E986-4234-A096-667E788F19C1}.Debug|Any CPU.ActiveCfg = Debug|Any CPU
		{AEA6EAF0-E986-4234-A096-667E788F19C1}.Debug|Any CPU.Build.0 = Debug|Any CPU
		{AEA6EAF0-E986-4234-A096-667E788F19C1}.Release|Any CPU.ActiveCfg = Release|Any CPU
		{AEA6EAF0-E986-4234-A096-667E788F19C1}.Release|Any CPU.Build.0 = Release|Any CPU
		{BC2D1CA0-28AA-465E-A8CB-EBE99A01AB9B}.Debug|Any CPU.ActiveCfg = Debug|Any CPU
		{BC2D1CA0-28AA-465E-A8CB-EBE99A01AB9B}.Debug|Any CPU.Build.0 = Debug|Any CPU
		{BC2D1CA0-28AA-465E-A8CB-EBE99A01AB9B}.Release|Any CPU.ActiveCfg = Release|Any CPU
		{BC2D1CA0-28AA-465E-A8CB-EBE99A01AB9B}.Release|Any CPU.Build.0 = Release|Any CPU
		{70E97CF8-A0D0-4D40-A755-86C51B97BC78}.Debug|Any CPU.ActiveCfg = Debug|Any CPU
		{70E97CF8-A0D0-4D40-A755-86C51B97BC78}.Debug|Any CPU.Build.0 = Debug|Any CPU
		{70E97CF8-A0D0-4D40-A755-86C51B97BC78}.Release|Any CPU.ActiveCfg = Release|Any CPU
		{70E97CF8-A0D0-4D40-A755-86C51B97BC78}.Release|Any CPU.Build.0 = Release|Any CPU
		{7FF3336D-A52B-437E-B5D7-35495DFAEEA9}.Debug|Any CPU.ActiveCfg = Debug|Any CPU
		{7FF3336D-A52B-437E-B5D7-35495DFAEEA9}.Debug|Any CPU.Build.0 = Debug|Any CPU
		{7FF3336D-A52B-437E-B5D7-35495DFAEEA9}.Release|Any CPU.ActiveCfg = Release|Any CPU
		{7FF3336D-A52B-437E-B5D7-35495DFAEEA9}.Release|Any CPU.Build.0 = Release|Any CPU
		{23F332B3-D97A-4C4E-BA86-5666DB90192C}.Debug|Any CPU.ActiveCfg = Debug|Any CPU
		{23F332B3-D97A-4C4E-BA86-5666DB90192C}.Debug|Any CPU.Build.0 = Debug|Any CPU
		{23F332B3-D97A-4C4E-BA86-5666DB90192C}.Release|Any CPU.ActiveCfg = Release|Any CPU
		{23F332B3-D97A-4C4E-BA86-5666DB90192C}.Release|Any CPU.Build.0 = Release|Any CPU
		{F3CE16F9-E628-46B4-805C-6EABA7596EF3}.Debug|Any CPU.ActiveCfg = Debug|Any CPU
		{F3CE16F9-E628-46B4-805C-6EABA7596EF3}.Debug|Any CPU.Build.0 = Debug|Any CPU
		{F3CE16F9-E628-46B4-805C-6EABA7596EF3}.Release|Any CPU.ActiveCfg = Release|Any CPU
		{F3CE16F9-E628-46B4-805C-6EABA7596EF3}.Release|Any CPU.Build.0 = Release|Any CPU
		{E6686113-54E6-463A-875B-D558F59AE86F}.Debug|Any CPU.ActiveCfg = Debug|Any CPU
		{E6686113-54E6-463A-875B-D558F59AE86F}.Debug|Any CPU.Build.0 = Debug|Any CPU
		{E6686113-54E6-463A-875B-D558F59AE86F}.Release|Any CPU.ActiveCfg = Release|Any CPU
		{E6686113-54E6-463A-875B-D558F59AE86F}.Release|Any CPU.Build.0 = Release|Any CPU
		{E6BCC5F7-6347-4577-84AA-CF2F23A7F905}.Debug|Any CPU.ActiveCfg = Debug|Any CPU
		{E6BCC5F7-6347-4577-84AA-CF2F23A7F905}.Debug|Any CPU.Build.0 = Debug|Any CPU
		{E6BCC5F7-6347-4577-84AA-CF2F23A7F905}.Release|Any CPU.ActiveCfg = Release|Any CPU
		{E6BCC5F7-6347-4577-84AA-CF2F23A7F905}.Release|Any CPU.Build.0 = Release|Any CPU
		{07082F11-244A-4618-8EC3-AAC7E30F47B8}.Debug|Any CPU.ActiveCfg = Debug|Any CPU
		{07082F11-244A-4618-8EC3-AAC7E30F47B8}.Debug|Any CPU.Build.0 = Debug|Any CPU
		{07082F11-244A-4618-8EC3-AAC7E30F47B8}.Release|Any CPU.ActiveCfg = Release|Any CPU
		{07082F11-244A-4618-8EC3-AAC7E30F47B8}.Release|Any CPU.Build.0 = Release|Any CPU
		{6147D344-0195-4799-944F-91BF5F384C60}.Debug|Any CPU.ActiveCfg = Debug|Any CPU
		{6147D344-0195-4799-944F-91BF5F384C60}.Debug|Any CPU.Build.0 = Debug|Any CPU
		{6147D344-0195-4799-944F-91BF5F384C60}.Release|Any CPU.ActiveCfg = Release|Any CPU
		{6147D344-0195-4799-944F-91BF5F384C60}.Release|Any CPU.Build.0 = Release|Any CPU
		{9C93F9DB-137B-4514-B374-77F473EC3D3E}.Debug|Any CPU.ActiveCfg = Debug|Any CPU
		{9C93F9DB-137B-4514-B374-77F473EC3D3E}.Debug|Any CPU.Build.0 = Debug|Any CPU
		{9C93F9DB-137B-4514-B374-77F473EC3D3E}.Release|Any CPU.ActiveCfg = Release|Any CPU
		{9C93F9DB-137B-4514-B374-77F473EC3D3E}.Release|Any CPU.Build.0 = Release|Any CPU
		{B0BB65BF-5AC9-42AE-B479-86B40099CEA9}.Debug|Any CPU.ActiveCfg = Debug|Any CPU
		{B0BB65BF-5AC9-42AE-B479-86B40099CEA9}.Debug|Any CPU.Build.0 = Debug|Any CPU
		{B0BB65BF-5AC9-42AE-B479-86B40099CEA9}.Release|Any CPU.ActiveCfg = Release|Any CPU
		{B0BB65BF-5AC9-42AE-B479-86B40099CEA9}.Release|Any CPU.Build.0 = Release|Any CPU
		{51D73F9E-CA99-46C3-9B65-21F71A4B056F}.Debug|Any CPU.ActiveCfg = Debug|Any CPU
		{51D73F9E-CA99-46C3-9B65-21F71A4B056F}.Debug|Any CPU.Build.0 = Debug|Any CPU
		{51D73F9E-CA99-46C3-9B65-21F71A4B056F}.Release|Any CPU.ActiveCfg = Release|Any CPU
		{51D73F9E-CA99-46C3-9B65-21F71A4B056F}.Release|Any CPU.Build.0 = Release|Any CPU
		{7E2B65D4-19B1-4B72-9D0A-8F97A1DE8A9A}.Debug|Any CPU.ActiveCfg = Debug|Any CPU
		{7E2B65D4-19B1-4B72-9D0A-8F97A1DE8A9A}.Debug|Any CPU.Build.0 = Debug|Any CPU
		{7E2B65D4-19B1-4B72-9D0A-8F97A1DE8A9A}.Release|Any CPU.ActiveCfg = Release|Any CPU
		{7E2B65D4-19B1-4B72-9D0A-8F97A1DE8A9A}.Release|Any CPU.Build.0 = Release|Any CPU
		{9786075E-A735-489A-8B17-B096D1E49C61}.Debug|Any CPU.ActiveCfg = Debug|Any CPU
		{9786075E-A735-489A-8B17-B096D1E49C61}.Debug|Any CPU.Build.0 = Debug|Any CPU
		{9786075E-A735-489A-8B17-B096D1E49C61}.Release|Any CPU.ActiveCfg = Release|Any CPU
		{9786075E-A735-489A-8B17-B096D1E49C61}.Release|Any CPU.Build.0 = Release|Any CPU
		{196B2D80-25EA-47B3-8E91-AC0A75112DBD}.Debug|Any CPU.ActiveCfg = Debug|Any CPU
		{196B2D80-25EA-47B3-8E91-AC0A75112DBD}.Debug|Any CPU.Build.0 = Debug|Any CPU
		{196B2D80-25EA-47B3-8E91-AC0A75112DBD}.Release|Any CPU.ActiveCfg = Release|Any CPU
		{196B2D80-25EA-47B3-8E91-AC0A75112DBD}.Release|Any CPU.Build.0 = Release|Any CPU
		{DCDA7590-7383-4406-A98A-B9153C26C852}.Debug|Any CPU.ActiveCfg = Debug|Any CPU
		{DCDA7590-7383-4406-A98A-B9153C26C852}.Debug|Any CPU.Build.0 = Debug|Any CPU
		{DCDA7590-7383-4406-A98A-B9153C26C852}.Release|Any CPU.ActiveCfg = Release|Any CPU
		{DCDA7590-7383-4406-A98A-B9153C26C852}.Release|Any CPU.Build.0 = Release|Any CPU
		{21F615CA-E54F-4529-867D-6A2E31F33310}.Debug|Any CPU.ActiveCfg = Debug|Any CPU
		{21F615CA-E54F-4529-867D-6A2E31F33310}.Debug|Any CPU.Build.0 = Debug|Any CPU
		{21F615CA-E54F-4529-867D-6A2E31F33310}.Release|Any CPU.ActiveCfg = Release|Any CPU
		{21F615CA-E54F-4529-867D-6A2E31F33310}.Release|Any CPU.Build.0 = Release|Any CPU
		{E7E268FA-5C36-4B15-9182-74D108FB2E62}.Debug|Any CPU.ActiveCfg = Debug|Any CPU
		{E7E268FA-5C36-4B15-9182-74D108FB2E62}.Debug|Any CPU.Build.0 = Debug|Any CPU
		{E7E268FA-5C36-4B15-9182-74D108FB2E62}.Release|Any CPU.ActiveCfg = Release|Any CPU
		{E7E268FA-5C36-4B15-9182-74D108FB2E62}.Release|Any CPU.Build.0 = Release|Any CPU
		{DBAB464D-4B80-41E3-A30F-1A02CA9FA337}.Debug|Any CPU.ActiveCfg = Debug|Any CPU
		{DBAB464D-4B80-41E3-A30F-1A02CA9FA337}.Debug|Any CPU.Build.0 = Debug|Any CPU
		{DBAB464D-4B80-41E3-A30F-1A02CA9FA337}.Release|Any CPU.ActiveCfg = Release|Any CPU
		{DBAB464D-4B80-41E3-A30F-1A02CA9FA337}.Release|Any CPU.Build.0 = Release|Any CPU
		{F1077E09-277B-4BDF-B166-66C23A2CA314}.Debug|Any CPU.ActiveCfg = Debug|Any CPU
		{F1077E09-277B-4BDF-B166-66C23A2CA314}.Debug|Any CPU.Build.0 = Debug|Any CPU
		{F1077E09-277B-4BDF-B166-66C23A2CA314}.Release|Any CPU.ActiveCfg = Release|Any CPU
		{F1077E09-277B-4BDF-B166-66C23A2CA314}.Release|Any CPU.Build.0 = Release|Any CPU
	EndGlobalSection
	GlobalSection(SolutionProperties) = preSolution
		HideSolutionNode = FALSE
	EndGlobalSection
	GlobalSection(NestedProjects) = preSolution
		{AEA6EAF0-E986-4234-A096-667E788F19C1} = {E115533A-3280-47B9-A0EA-4674D86F84D7}
		{BC2D1CA0-28AA-465E-A8CB-EBE99A01AB9B} = {E115533A-3280-47B9-A0EA-4674D86F84D7}
		{70E97CF8-A0D0-4D40-A755-86C51B97BC78} = {E115533A-3280-47B9-A0EA-4674D86F84D7}
		{7FF3336D-A52B-437E-B5D7-35495DFAEEA9} = {E115533A-3280-47B9-A0EA-4674D86F84D7}
		{23F332B3-D97A-4C4E-BA86-5666DB90192C} = {E115533A-3280-47B9-A0EA-4674D86F84D7}
		{F3CE16F9-E628-46B4-805C-6EABA7596EF3} = {E115533A-3280-47B9-A0EA-4674D86F84D7}
		{E6686113-54E6-463A-875B-D558F59AE86F} = {E115533A-3280-47B9-A0EA-4674D86F84D7}
		{E6BCC5F7-6347-4577-84AA-CF2F23A7F905} = {E115533A-3280-47B9-A0EA-4674D86F84D7}
		{07082F11-244A-4618-8EC3-AAC7E30F47B8} = {5666F1B7-FB19-42DD-8632-C29E5DA800F3}
		{6147D344-0195-4799-944F-91BF5F384C60} = {5666F1B7-FB19-42DD-8632-C29E5DA800F3}
		{9C93F9DB-137B-4514-B374-77F473EC3D3E} = {5666F1B7-FB19-42DD-8632-C29E5DA800F3}
		{B0BB65BF-5AC9-42AE-B479-86B40099CEA9} = {5666F1B7-FB19-42DD-8632-C29E5DA800F3}
		{51D73F9E-CA99-46C3-9B65-21F71A4B056F} = {E115533A-3280-47B9-A0EA-4674D86F84D7}
		{7E2B65D4-19B1-4B72-9D0A-8F97A1DE8A9A} = {E115533A-3280-47B9-A0EA-4674D86F84D7}
		{9786075E-A735-489A-8B17-B096D1E49C61} = {E115533A-3280-47B9-A0EA-4674D86F84D7}
		{196B2D80-25EA-47B3-8E91-AC0A75112DBD} = {E115533A-3280-47B9-A0EA-4674D86F84D7}
		{DCDA7590-7383-4406-A98A-B9153C26C852} = {E115533A-3280-47B9-A0EA-4674D86F84D7}
		{21F615CA-E54F-4529-867D-6A2E31F33310} = {E115533A-3280-47B9-A0EA-4674D86F84D7}
		{E7E268FA-5C36-4B15-9182-74D108FB2E62} = {E115533A-3280-47B9-A0EA-4674D86F84D7}
		{DBAB464D-4B80-41E3-A30F-1A02CA9FA337} = {E115533A-3280-47B9-A0EA-4674D86F84D7}
		{F1077E09-277B-4BDF-B166-66C23A2CA314} = {E115533A-3280-47B9-A0EA-4674D86F84D7}
	EndGlobalSection
EndGlobal
