
Microsoft Visual Studio Solution File, Format Version 12.00
# Visual Studio 14
VisualStudioVersion = 14.0.25420.1
MinimumVisualStudioVersion = 10.0.40219.1
Project("{FAE04EC0-301F-11D3-BF4B-00C04F79EFBC}") = "上机练习", "上机练习\上机练习.csproj", "{AEA6EAF0-E986-4234-A096-667E788F19C1}"
EndProject
Project("{FAE04EC0-301F-11D3-BF4B-00C04F79EFBC}") = "Ex3-1PageObj", "Example3-1\Ex3-1PageObj.csproj", "{BC2D1CA0-28AA-465E-A8CB-EBE99A01AB9B}"
EndProject
Project("{FAE04EC0-301F-11D3-BF4B-00C04F79EFBC}") = "ex3-2-RequestObj", "ex3-2-RequestObj\ex3-2-RequestObj.csproj", "{70E97CF8-A0D0-4D40-A755-86C51B97BC78}"
EndProject
Project("{FAE04EC0-301F-11D3-BF4B-00C04F79EFBC}") = "Ex3-3ResponseObj", "Ex3-3ResponseObj\Ex3-3ResponseObj.csproj", "{7FF3336D-A52B-437E-B5D7-35495DFAEEA9}"
EndProject
Project("{FAE04EC0-301F-11D3-BF4B-00C04F79EFBC}") = "Ex3-4ServerObj", "Ex3-4ServerObj\Ex3-4ServerObj.csproj", "{23F332B3-D97A-4C4E-BA86-5666DB90192C}"
EndProject
Project("{FAE04EC0-301F-11D3-BF4B-00C04F79EFBC}") = "Ex3-5CookieObj", "Ex3-5CookieObj\Ex3-5CookieObj.csproj", "{F3CE16F9-E628-46B4-805C-6EABA7596EF3}"
EndProject
Project("{FAE04EC0-301F-11D3-BF4B-00C04F79EFBC}") = "Ex3-6SessionObj", "Ex3-6SessionObj\Ex3-6SessionObj.csproj", "{E6686113-54E6-463A-875B-D558F59AE86F}"
EndProject
Project("{FAE04EC0-301F-11D3-BF4B-00C04F79EFBC}") = "Ex3-7ApplicationObj", "Ex3-7ApplicationObj\Ex3-7ApplicationObj.csproj", "{E6BCC5F7-6347-4577-84AA-CF2F23A7F905}"
EndProject
Project("{2150E333-8FDC-42A3-9474-1A3956D46DE8}") = "window", "window", "{5666F1B7-FB19-42DD-8632-C29E5DA800F3}"
EndProject
Project("{2150E333-8FDC-42A3-9474-1A3956D46DE8}") = "aspnet", "aspnet", "{E115533A-3280-47B9-A0EA-4674D86F84D7}"
EndProject
Project("{FAE04EC0-301F-11D3-BF4B-00C04F79EFBC}") = "hellowordcs", "ex_Window\hellowordcs\hellowordcs\hellowordcs.csproj", "{07082F11-244A-4618-8EC3-AAC7E30F47B8}"
EndProject
Project("{FAE04EC0-301F-11D3-BF4B-00C04F79EFBC}") = "StartFormByLClosePosition", "ex_Window\LoadPosition\StartFormByLClosePosition\StartFormByLClosePosition.csproj", "{6147D344-0195-4799-944F-91BF5F384C60}"
EndProject
Project("{FAE04EC0-301F-11D3-BF4B-00C04F79EFBC}") = "LoadPosition", "ex_Window\LoadPosition\LoadPosition\LoadPosition.csproj", "{9C93F9DB-137B-4514-B374-77F473EC3D3E}"
EndProject
Project("{FAE04EC0-301F-11D3-BF4B-00C04F79EFBC}") = "SetLocation", "ex_Window\LoadPosition\SetLocation\SetLocation.csproj", "{B0BB65BF-5AC9-42AE-B479-86B40099CEA9}"
EndProject
Project("{FAE04EC0-301F-11D3-BF4B-00C04F79EFBC}") = "Ex3-8ViewStateObj", "Ex3-8ViewStateObj\Ex3-8ViewStateObj.csproj", "{51D73F9E-CA99-46C3-9B65-21F71A4B056F}"
EndProject
Project("{FAE04EC0-301F-11D3-BF4B-00C04F79EFBC}") = "Ex4-3ImageButtonObj", "Ex4-3ImageButtonObj\Ex4-3ImageButtonObj.csproj", "{7E2B65D4-19B1-4B72-9D0A-8F97A1DE8A9A}"
EndProject
Project("{FAE04EC0-301F-11D3-BF4B-00C04F79EFBC}") = "Ex5-6ValidationSummaryObj", "Ex5-6ValidationSummaryObj\Ex5-6ValidationSummaryObj.csproj", "{9786075E-A735-489A-8B17-B096D1E49C61}"
EndProject
Project("{FAE04EC0-301F-11D3-BF4B-00C04F79EFBC}") = "Ex6-2Ado", "Ex6-2Ado\Ex6-2Ado.csproj", "{196B2D80-25EA-47B3-8E91-AC0A75112DBD}"
EndProject
Project("{FAE04EC0-301F-11D3-BF4B-00C04F79EFBC}") = "Ex6-1DataSet", "Ex6-1DataSet\Ex6-1DataSet.csproj", "{DCDA7590-7383-4406-A98A-B9153C26C852}"
EndProject
Project("{FAE04EC0-301F-11D3-BF4B-00C04F79EFBC}") = "Ex6-3DataAdapter", "Ex6-3DataAdapter\Ex6-3DataAdapter.csproj", "{21F615CA-E54F-4529-867D-6A2E31F33310}"
EndProject
Project("{FAE04EC0-301F-11D3-BF4B-00C04F79EFBC}") = "Ex6-4InsertDBData", "Ex6-4InsertDBData\Ex6-4InsertDBData.csproj", "{E7E268FA-5C36-4B15-9182-74D108FB2E62}"
EndProject
Project("{FAE04EC0-301F-11D3-BF4B-00C04F79EFBC}") = "Ex6-5UpdateDBData", "Ex6-5UpdateDBData\Ex6-5UpdateDBData.csproj", "{DBAB464D-4B80-41E3-A30F-1A02CA9FA337}"
EndProject
Project("{FAE04EC0-301F-11D3-BF4B-00C04F79EFBC}") = "Ex6-6DeleteDBData", "Ex6-6DeleteDBData\Ex6-6DeleteDBData.csproj", "{F1077E09-277B-4BDF-B166-66C23A2CA314}"
EndProject
Project("{FAE04EC0-301F-11D3-BF4B-00C04F79EFBC}") = "Ex7-1VarBind", "Ex7-1VarBind\Ex7-1VarBind.csproj", "{6731C7F8-EF5C-48E2-938C-DE72255FAFF2}"
EndProject
Project("{FAE04EC0-301F-11D3-BF4B-00C04F79EFBC}") = "Ex7-2ExpressionBind", "Ex7-2ExpressionBind\Ex7-2ExpressionBind.csproj", "{5B13998C-78B2-4E11-9FC8-C8A7522811D5}"
EndProject
Project("{FAE04EC0-301F-11D3-BF4B-00C04F79EFBC}") = "Ex7-3SetBind", "Ex7-3SetBind\Ex7-3SetBind.csproj", "{6D7A412F-74BF-4CE3-ADB9-ADD6D64593A5}"
EndProject
Project("{FAE04EC0-301F-11D3-BF4B-00C04F79EFBC}") = "Ex7-4MethodBind", "Ex7-4MethodBind\Ex7-4MethodBind.csproj", "{628AC111-4B12-4913-8E68-722C28667F42}"
EndProject
Project("{FAE04EC0-301F-11D3-BF4B-00C04F79EFBC}") = "Ex7-5DataSetBind", "Ex7-5DataSet\Ex7-5DataSetBind.csproj", "{6E666358-EF22-494F-AA92-10EFFC12A13C}"
EndProject
Project("{FAE04EC0-301F-11D3-BF4B-00C04F79EFBC}") = "Ex7-6DataTableBind", "Ex7-6DataTableBind\Ex7-6DataTableBind.csproj", "{90DA7B1A-C9DA-44C1-865A-9CFF6F048C01}"
EndProject
Project("{FAE04EC0-301F-11D3-BF4B-00C04F79EFBC}") = "Ex7-8ListBoxBind", "Ex7-8ListBoxBind\Ex7-8ListBoxBind.csproj", "{B00E1BA8-833F-4C42-ADFE-386005AB94BE}"
EndProject
Project("{FAE04EC0-301F-11D3-BF4B-00C04F79EFBC}") = "Ex7-9RadioButtonListBind", "Ex7-9RadioButtonListBind\Ex7-9RadioButtonListBind.csproj", "{BBC3D04C-7FE9-4B15-834C-C565F76F0234}"
EndProject
Project("{FAE04EC0-301F-11D3-BF4B-00C04F79EFBC}") = "Ex7-7DropDownListBind", "Ex7-7DropDownListBind\Ex7-7DropDownListBind.csproj", "{E3BD47FE-75B5-4D61-A4A7-F5B725932D7C}"
EndProject
Project("{FAE04EC0-301F-11D3-BF4B-00C04F79EFBC}") = "Ex7-10SqlDataSource", "Ex7-10SqlDataSource\Ex7-10SqlDataSource.csproj", "{59E4F2A2-3278-40FE-88DC-AA22E470A416}"
EndProject
Project("{FAE04EC0-301F-11D3-BF4B-00C04F79EFBC}") = "Ex7-10SqlDataSource_5", "Ex7-10SqlDataSource_5\Ex7-10SqlDataSource_5.csproj", "{741A47F6-9FA9-4069-8C6F-BAA1ED1990FC}"
EndProject
Project("{FAE04EC0-301F-11D3-BF4B-00C04F79EFBC}") = "Ex8-2GridView", "Ex8-2GridView\Ex8-2GridView.csproj", "{262F7FBB-DAD4-4A94-A618-9FE57B06DAAD}"
EndProject
Project("{FAE04EC0-301F-11D3-BF4B-00C04F79EFBC}") = "Ex8-3GridViewPaging", "Ex8-3GridViewPaging\Ex8-3GridViewPaging.csproj", "{BC22AD6C-D21E-47EE-A3EA-16E2BD17139D}"
EndProject
Project("{FAE04EC0-301F-11D3-BF4B-00C04F79EFBC}") = "Ex8-4GridViewDBUpdateDelete", "Ex8-4GridViewDBUpdateDelete\Ex8-4GridViewDBUpdateDelete.csproj", "{517F1510-ACF6-4AA8-B8CF-79C90A78C4EA}"
EndProject
Project("{FAE04EC0-301F-11D3-BF4B-00C04F79EFBC}") = "Ex8-5DetailsView", "Ex8-5DetailsView\Ex8-5DetailsView.csproj", "{B0C074FF-300C-4E68-9D3D-13AF14DB8B43}"
EndProject
Project("{FAE04EC0-301F-11D3-BF4B-00C04F79EFBC}") = "Ex8-6Repeater", "Ex8-6Repeater\Ex8-6Repeater.csproj", "{104BCBB3-6D5E-4762-9871-C233CC0CD5AB}"
EndProject
Project("{FAE04EC0-301F-11D3-BF4B-00C04F79EFBC}") = "Ex8-7DataList", "Ex8-7DataList\Ex8-7DataList.csproj", "{B8612674-2F73-4D34-AF86-93673A6B7975}"
EndProject
Project("{FAE04EC0-301F-11D3-BF4B-00C04F79EFBC}") = "Ex8-8ListView", "Ex8-8ListView\Ex8-8ListView.csproj", "{CC4B6A51-932E-47DA-8432-FDFD96B5FB50}"
EndProject
Project("{FAE04EC0-301F-11D3-BF4B-00C04F79EFBC}") = "Ex8-9Chart", "Ex8-9Chart\Ex8-9Chart.csproj", "{C064A0C3-5333-40CB-ACE3-67A9FA871965}"
EndProject
Project("{FAE04EC0-301F-11D3-BF4B-00C04F79EFBC}") = "Ex9-1DriverInfo", "Ex9-1DriverInfo\Ex9-1DriverInfo.csproj", "{70618DB7-F82B-4C3A-82A2-5DD8B2A47AE9}"
EndProject
Project("{FAE04EC0-301F-11D3-BF4B-00C04F79EFBC}") = "Ex9-2DiverInfoAll", "Ex9-2DiverInfoAll\Ex9-2DiverInfoAll.csproj", "{A20E5194-770D-41A8-B582-E06427367584}"
EndProject
Project("{FAE04EC0-301F-11D3-BF4B-00C04F79EFBC}") = "Ex9-4Search", "Ex9-4Search\Ex9-4Search.csproj", "{9207895E-A4B0-49BF-B1A8-3AD7375560B5}"
EndProject
Project("{FAE04EC0-301F-11D3-BF4B-00C04F79EFBC}") = "Ex10-3XmlCreate", "Ex10-3XmlCreate\Ex10-3XmlCreate.csproj", "{8C5D5E3C-1F52-4CBD-89D0-9ABFC5771A0C}"
EndProject
Project("{FAE04EC0-301F-11D3-BF4B-00C04F79EFBC}") = "Ex10-4XmlLoad", "Ex10-4XmlLoad\Ex10-4XmlLoad.csproj", "{0737A9A9-8B84-4F51-8949-6C172F15CD77}"
EndProject
Project("{FAE04EC0-301F-11D3-BF4B-00C04F79EFBC}") = "Ex10-5XmlCreateNodes", "Ex10-5XmlCreateNodes\Ex10-5XmlCreateNodes.csproj", "{A33DDC32-3270-4D34-A642-7DBA88C9818E}"
EndProject
Project("{FAE04EC0-301F-11D3-BF4B-00C04F79EFBC}") = "Ex10-6XmlModify", "Ex10-6XmlModify\Ex10-6XmlModify.csproj", "{1EE55461-D1DA-4F90-9FFD-BEAB2B13BB72}"
EndProject
Project("{FAE04EC0-301F-11D3-BF4B-00C04F79EFBC}") = "Ex10-7XMLDeleteNode", "Ex10-7XMLDeleteNode\Ex10-7XMLDeleteNode.csproj", "{CF5E03B2-2964-4652-9799-0E18BE027176}"
EndProject
Project("{FAE04EC0-301F-11D3-BF4B-00C04F79EFBC}") = "Ex10-8XmlDataSource", "Ex10-8XmlDataSource\Ex10-8XmlDataSource.csproj", "{9D853B29-1DF9-498B-81B8-18351E6827FE}"
EndProject
Project("{FAE04EC0-301F-11D3-BF4B-00C04F79EFBC}") = "Ex11-1MasterPage", "Ex11-1MasterPage\Ex11-1MasterPage.csproj", "{8EA292A2-5AD4-477D-ABD2-B83A0E5E32D4}"
EndProject
Project("{FAE04EC0-301F-11D3-BF4B-00C04F79EFBC}") = "Ex11-3SiteMap", "Ex11-3SiteMap\Ex11-3SiteMap.csproj", "{70F2B2E7-F427-4F24-92C5-FE47057FEB43}"
EndProject
Project("{FAE04EC0-301F-11D3-BF4B-00C04F79EFBC}") = "Ex11-4TreeView1", "Ex11-4TreeView1\Ex11-4TreeView1.csproj", "{341ACA88-3754-4AE5-BEE0-525DFC12F71C}"
EndProject
Project("{FAE04EC0-301F-11D3-BF4B-00C04F79EFBC}") = "Ex11-5Menu", "Ex11-5Menu\Ex11-5Menu.csproj", "{2C903B35-FB6D-4666-AB4E-FD8587A1E965}"
EndProject
Project("{FAE04EC0-301F-11D3-BF4B-00C04F79EFBC}") = "Ex11-6SiteMapPath", "Ex11-6SiteMapPath\Ex11-6SiteMapPath.csproj", "{DB87F2D8-D0F9-428C-AAF4-466FD1148DCD}"
EndProject
Global
	GlobalSection(SolutionConfigurationPlatforms) = preSolution
		Debug|Any CPU = Debug|Any CPU
		Release|Any CPU = Release|Any CPU
	EndGlobalSection
	GlobalSection(ProjectConfigurationPlatforms) = postSolution
		{AEA6EAF0-E986-4234-A096-667E788F19C1}.Debug|Any CPU.ActiveCfg = Debug|Any CPU
		{AEA6EAF0-E986-4234-A096-667E788F19C1}.Debug|Any CPU.Build.0 = Debug|Any CPU
		{AEA6EAF0-E986-4234-A096-667E788F19C1}.Release|Any CPU.ActiveCfg = Release|Any CPU
		{AEA6EAF0-E986-4234-A096-667E788F19C1}.Release|Any CPU.Build.0 = Release|Any CPU
		{BC2D1CA0-28AA-465E-A8CB-EBE99A01AB9B}.Debug|Any CPU.ActiveCfg = Debug|Any CPU
		{BC2D1CA0-28AA-465E-A8CB-EBE99A01AB9B}.Debug|Any CPU.Build.0 = Debug|Any CPU
		{BC2D1CA0-28AA-465E-A8CB-EBE99A01AB9B}.Release|Any CPU.ActiveCfg = Release|Any CPU
		{BC2D1CA0-28AA-465E-A8CB-EBE99A01AB9B}.Release|Any CPU.Build.0 = Release|Any CPU
		{70E97CF8-A0D0-4D40-A755-86C51B97BC78}.Debug|Any CPU.ActiveCfg = Debug|Any CPU
		{70E97CF8-A0D0-4D40-A755-86C51B97BC78}.Debug|Any CPU.Build.0 = Debug|Any CPU
		{70E97CF8-A0D0-4D40-A755-86C51B97BC78}.Release|Any CPU.ActiveCfg = Release|Any CPU
		{70E97CF8-A0D0-4D40-A755-86C51B97BC78}.Release|Any CPU.Build.0 = Release|Any CPU
		{7FF3336D-A52B-437E-B5D7-35495DFAEEA9}.Debug|Any CPU.ActiveCfg = Debug|Any CPU
		{7FF3336D-A52B-437E-B5D7-35495DFAEEA9}.Debug|Any CPU.Build.0 = Debug|Any CPU
		{7FF3336D-A52B-437E-B5D7-35495DFAEEA9}.Release|Any CPU.ActiveCfg = Release|Any CPU
		{7FF3336D-A52B-437E-B5D7-35495DFAEEA9}.Release|Any CPU.Build.0 = Release|Any CPU
		{23F332B3-D97A-4C4E-BA86-5666DB90192C}.Debug|Any CPU.ActiveCfg = Debug|Any CPU
		{23F332B3-D97A-4C4E-BA86-5666DB90192C}.Debug|Any CPU.Build.0 = Debug|Any CPU
		{23F332B3-D97A-4C4E-BA86-5666DB90192C}.Release|Any CPU.ActiveCfg = Release|Any CPU
		{23F332B3-D97A-4C4E-BA86-5666DB90192C}.Release|Any CPU.Build.0 = Release|Any CPU
		{F3CE16F9-E628-46B4-805C-6EABA7596EF3}.Debug|Any CPU.ActiveCfg = Debug|Any CPU
		{F3CE16F9-E628-46B4-805C-6EABA7596EF3}.Debug|Any CPU.Build.0 = Debug|Any CPU
		{F3CE16F9-E628-46B4-805C-6EABA7596EF3}.Release|Any CPU.ActiveCfg = Release|Any CPU
		{F3CE16F9-E628-46B4-805C-6EABA7596EF3}.Release|Any CPU.Build.0 = Release|Any CPU
		{E6686113-54E6-463A-875B-D558F59AE86F}.Debug|Any CPU.ActiveCfg = Debug|Any CPU
		{E6686113-54E6-463A-875B-D558F59AE86F}.Debug|Any CPU.Build.0 = Debug|Any CPU
		{E6686113-54E6-463A-875B-D558F59AE86F}.Release|Any CPU.ActiveCfg = Release|Any CPU
		{E6686113-54E6-463A-875B-D558F59AE86F}.Release|Any CPU.Build.0 = Release|Any CPU
		{E6BCC5F7-6347-4577-84AA-CF2F23A7F905}.Debug|Any CPU.ActiveCfg = Debug|Any CPU
		{E6BCC5F7-6347-4577-84AA-CF2F23A7F905}.Debug|Any CPU.Build.0 = Debug|Any CPU
		{E6BCC5F7-6347-4577-84AA-CF2F23A7F905}.Release|Any CPU.ActiveCfg = Release|Any CPU
		{E6BCC5F7-6347-4577-84AA-CF2F23A7F905}.Release|Any CPU.Build.0 = Release|Any CPU
		{07082F11-244A-4618-8EC3-AAC7E30F47B8}.Debug|Any CPU.ActiveCfg = Debug|Any CPU
		{07082F11-244A-4618-8EC3-AAC7E30F47B8}.Debug|Any CPU.Build.0 = Debug|Any CPU
		{07082F11-244A-4618-8EC3-AAC7E30F47B8}.Release|Any CPU.ActiveCfg = Release|Any CPU
		{07082F11-244A-4618-8EC3-AAC7E30F47B8}.Release|Any CPU.Build.0 = Release|Any CPU
		{6147D344-0195-4799-944F-91BF5F384C60}.Debug|Any CPU.ActiveCfg = Debug|Any CPU
		{6147D344-0195-4799-944F-91BF5F384C60}.Debug|Any CPU.Build.0 = Debug|Any CPU
		{6147D344-0195-4799-944F-91BF5F384C60}.Release|Any CPU.ActiveCfg = Release|Any CPU
		{6147D344-0195-4799-944F-91BF5F384C60}.Release|Any CPU.Build.0 = Release|Any CPU
		{9C93F9DB-137B-4514-B374-77F473EC3D3E}.Debug|Any CPU.ActiveCfg = Debug|Any CPU
		{9C93F9DB-137B-4514-B374-77F473EC3D3E}.Debug|Any CPU.Build.0 = Debug|Any CPU
		{9C93F9DB-137B-4514-B374-77F473EC3D3E}.Release|Any CPU.ActiveCfg = Release|Any CPU
		{9C93F9DB-137B-4514-B374-77F473EC3D3E}.Release|Any CPU.Build.0 = Release|Any CPU
		{B0BB65BF-5AC9-42AE-B479-86B40099CEA9}.Debug|Any CPU.ActiveCfg = Debug|Any CPU
		{B0BB65BF-5AC9-42AE-B479-86B40099CEA9}.Debug|Any CPU.Build.0 = Debug|Any CPU
		{B0BB65BF-5AC9-42AE-B479-86B40099CEA9}.Release|Any CPU.ActiveCfg = Release|Any CPU
		{B0BB65BF-5AC9-42AE-B479-86B40099CEA9}.Release|Any CPU.Build.0 = Release|Any CPU
		{51D73F9E-CA99-46C3-9B65-21F71A4B056F}.Debug|Any CPU.ActiveCfg = Debug|Any CPU
		{51D73F9E-CA99-46C3-9B65-21F71A4B056F}.Debug|Any CPU.Build.0 = Debug|Any CPU
		{51D73F9E-CA99-46C3-9B65-21F71A4B056F}.Release|Any CPU.ActiveCfg = Release|Any CPU
		{51D73F9E-CA99-46C3-9B65-21F71A4B056F}.Release|Any CPU.Build.0 = Release|Any CPU
		{7E2B65D4-19B1-4B72-9D0A-8F97A1DE8A9A}.Debug|Any CPU.ActiveCfg = Debug|Any CPU
		{7E2B65D4-19B1-4B72-9D0A-8F97A1DE8A9A}.Debug|Any CPU.Build.0 = Debug|Any CPU
		{7E2B65D4-19B1-4B72-9D0A-8F97A1DE8A9A}.Release|Any CPU.ActiveCfg = Release|Any CPU
		{7E2B65D4-19B1-4B72-9D0A-8F97A1DE8A9A}.Release|Any CPU.Build.0 = Release|Any CPU
		{9786075E-A735-489A-8B17-B096D1E49C61}.Debug|Any CPU.ActiveCfg = Debug|Any CPU
		{9786075E-A735-489A-8B17-B096D1E49C61}.Debug|Any CPU.Build.0 = Debug|Any CPU
		{9786075E-A735-489A-8B17-B096D1E49C61}.Release|Any CPU.ActiveCfg = Release|Any CPU
		{9786075E-A735-489A-8B17-B096D1E49C61}.Release|Any CPU.Build.0 = Release|Any CPU
		{196B2D80-25EA-47B3-8E91-AC0A75112DBD}.Debug|Any CPU.ActiveCfg = Debug|Any CPU
		{196B2D80-25EA-47B3-8E91-AC0A75112DBD}.Debug|Any CPU.Build.0 = Debug|Any CPU
		{196B2D80-25EA-47B3-8E91-AC0A75112DBD}.Release|Any CPU.ActiveCfg = Release|Any CPU
		{196B2D80-25EA-47B3-8E91-AC0A75112DBD}.Release|Any CPU.Build.0 = Release|Any CPU
		{DCDA7590-7383-4406-A98A-B9153C26C852}.Debug|Any CPU.ActiveCfg = Debug|Any CPU
		{DCDA7590-7383-4406-A98A-B9153C26C852}.Debug|Any CPU.Build.0 = Debug|Any CPU
		{DCDA7590-7383-4406-A98A-B9153C26C852}.Release|Any CPU.ActiveCfg = Release|Any CPU
		{DCDA7590-7383-4406-A98A-B9153C26C852}.Release|Any CPU.Build.0 = Release|Any CPU
		{21F615CA-E54F-4529-867D-6A2E31F33310}.Debug|Any CPU.ActiveCfg = Debug|Any CPU
		{21F615CA-E54F-4529-867D-6A2E31F33310}.Debug|Any CPU.Build.0 = Debug|Any CPU
		{21F615CA-E54F-4529-867D-6A2E31F33310}.Release|Any CPU.ActiveCfg = Release|Any CPU
		{21F615CA-E54F-4529-867D-6A2E31F33310}.Release|Any CPU.Build.0 = Release|Any CPU
		{E7E268FA-5C36-4B15-9182-74D108FB2E62}.Debug|Any CPU.ActiveCfg = Debug|Any CPU
		{E7E268FA-5C36-4B15-9182-74D108FB2E62}.Debug|Any CPU.Build.0 = Debug|Any CPU
		{E7E268FA-5C36-4B15-9182-74D108FB2E62}.Release|Any CPU.ActiveCfg = Release|Any CPU
		{E7E268FA-5C36-4B15-9182-74D108FB2E62}.Release|Any CPU.Build.0 = Release|Any CPU
		{DBAB464D-4B80-41E3-A30F-1A02CA9FA337}.Debug|Any CPU.ActiveCfg = Debug|Any CPU
		{DBAB464D-4B80-41E3-A30F-1A02CA9FA337}.Debug|Any CPU.Build.0 = Debug|Any CPU
		{DBAB464D-4B80-41E3-A30F-1A02CA9FA337}.Release|Any CPU.ActiveCfg = Release|Any CPU
		{DBAB464D-4B80-41E3-A30F-1A02CA9FA337}.Release|Any CPU.Build.0 = Release|Any CPU
		{F1077E09-277B-4BDF-B166-66C23A2CA314}.Debug|Any CPU.ActiveCfg = Debug|Any CPU
		{F1077E09-277B-4BDF-B166-66C23A2CA314}.Debug|Any CPU.Build.0 = Debug|Any CPU
		{F1077E09-277B-4BDF-B166-66C23A2CA314}.Release|Any CPU.ActiveCfg = Release|Any CPU
		{F1077E09-277B-4BDF-B166-66C23A2CA314}.Release|Any CPU.Build.0 = Release|Any CPU
		{6731C7F8-EF5C-48E2-938C-DE72255FAFF2}.Debug|Any CPU.ActiveCfg = Debug|Any CPU
		{6731C7F8-EF5C-48E2-938C-DE72255FAFF2}.Debug|Any CPU.Build.0 = Debug|Any CPU
		{6731C7F8-EF5C-48E2-938C-DE72255FAFF2}.Release|Any CPU.ActiveCfg = Release|Any CPU
		{6731C7F8-EF5C-48E2-938C-DE72255FAFF2}.Release|Any CPU.Build.0 = Release|Any CPU
		{5B13998C-78B2-4E11-9FC8-C8A7522811D5}.Debug|Any CPU.ActiveCfg = Debug|Any CPU
		{5B13998C-78B2-4E11-9FC8-C8A7522811D5}.Debug|Any CPU.Build.0 = Debug|Any CPU
		{5B13998C-78B2-4E11-9FC8-C8A7522811D5}.Release|Any CPU.ActiveCfg = Release|Any CPU
		{5B13998C-78B2-4E11-9FC8-C8A7522811D5}.Release|Any CPU.Build.0 = Release|Any CPU
		{6D7A412F-74BF-4CE3-ADB9-ADD6D64593A5}.Debug|Any CPU.ActiveCfg = Debug|Any CPU
		{6D7A412F-74BF-4CE3-ADB9-ADD6D64593A5}.Debug|Any CPU.Build.0 = Debug|Any CPU
		{6D7A412F-74BF-4CE3-ADB9-ADD6D64593A5}.Release|Any CPU.ActiveCfg = Release|Any CPU
		{6D7A412F-74BF-4CE3-ADB9-ADD6D64593A5}.Release|Any CPU.Build.0 = Release|Any CPU
		{628AC111-4B12-4913-8E68-722C28667F42}.Debug|Any CPU.ActiveCfg = Debug|Any CPU
		{628AC111-4B12-4913-8E68-722C28667F42}.Debug|Any CPU.Build.0 = Debug|Any CPU
		{628AC111-4B12-4913-8E68-722C28667F42}.Release|Any CPU.ActiveCfg = Release|Any CPU
		{628AC111-4B12-4913-8E68-722C28667F42}.Release|Any CPU.Build.0 = Release|Any CPU
		{6E666358-EF22-494F-AA92-10EFFC12A13C}.Debug|Any CPU.ActiveCfg = Debug|Any CPU
		{6E666358-EF22-494F-AA92-10EFFC12A13C}.Debug|Any CPU.Build.0 = Debug|Any CPU
		{6E666358-EF22-494F-AA92-10EFFC12A13C}.Release|Any CPU.ActiveCfg = Release|Any CPU
		{6E666358-EF22-494F-AA92-10EFFC12A13C}.Release|Any CPU.Build.0 = Release|Any CPU
		{90DA7B1A-C9DA-44C1-865A-9CFF6F048C01}.Debug|Any CPU.ActiveCfg = Debug|Any CPU
		{90DA7B1A-C9DA-44C1-865A-9CFF6F048C01}.Debug|Any CPU.Build.0 = Debug|Any CPU
		{90DA7B1A-C9DA-44C1-865A-9CFF6F048C01}.Release|Any CPU.ActiveCfg = Release|Any CPU
		{90DA7B1A-C9DA-44C1-865A-9CFF6F048C01}.Release|Any CPU.Build.0 = Release|Any CPU
		{B00E1BA8-833F-4C42-ADFE-386005AB94BE}.Debug|Any CPU.ActiveCfg = Debug|Any CPU
		{B00E1BA8-833F-4C42-ADFE-386005AB94BE}.Debug|Any CPU.Build.0 = Debug|Any CPU
		{B00E1BA8-833F-4C42-ADFE-386005AB94BE}.Release|Any CPU.ActiveCfg = Release|Any CPU
		{B00E1BA8-833F-4C42-ADFE-386005AB94BE}.Release|Any CPU.Build.0 = Release|Any CPU
		{BBC3D04C-7FE9-4B15-834C-C565F76F0234}.Debug|Any CPU.ActiveCfg = Debug|Any CPU
		{BBC3D04C-7FE9-4B15-834C-C565F76F0234}.Debug|Any CPU.Build.0 = Debug|Any CPU
		{BBC3D04C-7FE9-4B15-834C-C565F76F0234}.Release|Any CPU.ActiveCfg = Release|Any CPU
		{BBC3D04C-7FE9-4B15-834C-C565F76F0234}.Release|Any CPU.Build.0 = Release|Any CPU
		{E3BD47FE-75B5-4D61-A4A7-F5B725932D7C}.Debug|Any CPU.ActiveCfg = Debug|Any CPU
		{E3BD47FE-75B5-4D61-A4A7-F5B725932D7C}.Debug|Any CPU.Build.0 = Debug|Any CPU
		{E3BD47FE-75B5-4D61-A4A7-F5B725932D7C}.Release|Any CPU.ActiveCfg = Release|Any CPU
		{E3BD47FE-75B5-4D61-A4A7-F5B725932D7C}.Release|Any CPU.Build.0 = Release|Any CPU
		{59E4F2A2-3278-40FE-88DC-AA22E470A416}.Debug|Any CPU.ActiveCfg = Debug|Any CPU
		{59E4F2A2-3278-40FE-88DC-AA22E470A416}.Debug|Any CPU.Build.0 = Debug|Any CPU
		{59E4F2A2-3278-40FE-88DC-AA22E470A416}.Release|Any CPU.ActiveCfg = Release|Any CPU
		{59E4F2A2-3278-40FE-88DC-AA22E470A416}.Release|Any CPU.Build.0 = Release|Any CPU
		{741A47F6-9FA9-4069-8C6F-BAA1ED1990FC}.Debug|Any CPU.ActiveCfg = Debug|Any CPU
		{741A47F6-9FA9-4069-8C6F-BAA1ED1990FC}.Debug|Any CPU.Build.0 = Debug|Any CPU
		{741A47F6-9FA9-4069-8C6F-BAA1ED1990FC}.Release|Any CPU.ActiveCfg = Release|Any CPU
		{741A47F6-9FA9-4069-8C6F-BAA1ED1990FC}.Release|Any CPU.Build.0 = Release|Any CPU
		{262F7FBB-DAD4-4A94-A618-9FE57B06DAAD}.Debug|Any CPU.ActiveCfg = Debug|Any CPU
		{262F7FBB-DAD4-4A94-A618-9FE57B06DAAD}.Debug|Any CPU.Build.0 = Debug|Any CPU
		{262F7FBB-DAD4-4A94-A618-9FE57B06DAAD}.Release|Any CPU.ActiveCfg = Release|Any CPU
		{262F7FBB-DAD4-4A94-A618-9FE57B06DAAD}.Release|Any CPU.Build.0 = Release|Any CPU
		{BC22AD6C-D21E-47EE-A3EA-16E2BD17139D}.Debug|Any CPU.ActiveCfg = Debug|Any CPU
		{BC22AD6C-D21E-47EE-A3EA-16E2BD17139D}.Debug|Any CPU.Build.0 = Debug|Any CPU
		{BC22AD6C-D21E-47EE-A3EA-16E2BD17139D}.Release|Any CPU.ActiveCfg = Release|Any CPU
		{BC22AD6C-D21E-47EE-A3EA-16E2BD17139D}.Release|Any CPU.Build.0 = Release|Any CPU
		{517F1510-ACF6-4AA8-B8CF-79C90A78C4EA}.Debug|Any CPU.ActiveCfg = Debug|Any CPU
		{517F1510-ACF6-4AA8-B8CF-79C90A78C4EA}.Debug|Any CPU.Build.0 = Debug|Any CPU
		{517F1510-ACF6-4AA8-B8CF-79C90A78C4EA}.Release|Any CPU.ActiveCfg = Release|Any CPU
		{517F1510-ACF6-4AA8-B8CF-79C90A78C4EA}.Release|Any CPU.Build.0 = Release|Any CPU
		{B0C074FF-300C-4E68-9D3D-13AF14DB8B43}.Debug|Any CPU.ActiveCfg = Debug|Any CPU
		{B0C074FF-300C-4E68-9D3D-13AF14DB8B43}.Debug|Any CPU.Build.0 = Debug|Any CPU
		{B0C074FF-300C-4E68-9D3D-13AF14DB8B43}.Release|Any CPU.ActiveCfg = Release|Any CPU
		{B0C074FF-300C-4E68-9D3D-13AF14DB8B43}.Release|Any CPU.Build.0 = Release|Any CPU
		{104BCBB3-6D5E-4762-9871-C233CC0CD5AB}.Debug|Any CPU.ActiveCfg = Debug|Any CPU
		{104BCBB3-6D5E-4762-9871-C233CC0CD5AB}.Debug|Any CPU.Build.0 = Debug|Any CPU
		{104BCBB3-6D5E-4762-9871-C233CC0CD5AB}.Release|Any CPU.ActiveCfg = Release|Any CPU
		{104BCBB3-6D5E-4762-9871-C233CC0CD5AB}.Release|Any CPU.Build.0 = Release|Any CPU
		{B8612674-2F73-4D34-AF86-93673A6B7975}.Debug|Any CPU.ActiveCfg = Debug|Any CPU
		{B8612674-2F73-4D34-AF86-93673A6B7975}.Debug|Any CPU.Build.0 = Debug|Any CPU
		{B8612674-2F73-4D34-AF86-93673A6B7975}.Release|Any CPU.ActiveCfg = Release|Any CPU
		{B8612674-2F73-4D34-AF86-93673A6B7975}.Release|Any CPU.Build.0 = Release|Any CPU
		{CC4B6A51-932E-47DA-8432-FDFD96B5FB50}.Debug|Any CPU.ActiveCfg = Debug|Any CPU
		{CC4B6A51-932E-47DA-8432-FDFD96B5FB50}.Debug|Any CPU.Build.0 = Debug|Any CPU
		{CC4B6A51-932E-47DA-8432-FDFD96B5FB50}.Release|Any CPU.ActiveCfg = Release|Any CPU
		{CC4B6A51-932E-47DA-8432-FDFD96B5FB50}.Release|Any CPU.Build.0 = Release|Any CPU
		{C064A0C3-5333-40CB-ACE3-67A9FA871965}.Debug|Any CPU.ActiveCfg = Debug|Any CPU
		{C064A0C3-5333-40CB-ACE3-67A9FA871965}.Debug|Any CPU.Build.0 = Debug|Any CPU
		{C064A0C3-5333-40CB-ACE3-67A9FA871965}.Release|Any CPU.ActiveCfg = Release|Any CPU
		{C064A0C3-5333-40CB-ACE3-67A9FA871965}.Release|Any CPU.Build.0 = Release|Any CPU
		{70618DB7-F82B-4C3A-82A2-5DD8B2A47AE9}.Debug|Any CPU.ActiveCfg = Debug|Any CPU
		{70618DB7-F82B-4C3A-82A2-5DD8B2A47AE9}.Debug|Any CPU.Build.0 = Debug|Any CPU
		{70618DB7-F82B-4C3A-82A2-5DD8B2A47AE9}.Release|Any CPU.ActiveCfg = Release|Any CPU
		{70618DB7-F82B-4C3A-82A2-5DD8B2A47AE9}.Release|Any CPU.Build.0 = Release|Any CPU
		{A20E5194-770D-41A8-B582-E06427367584}.Debug|Any CPU.ActiveCfg = Debug|Any CPU
		{A20E5194-770D-41A8-B582-E06427367584}.Debug|Any CPU.Build.0 = Debug|Any CPU
		{A20E5194-770D-41A8-B582-E06427367584}.Release|Any CPU.ActiveCfg = Release|Any CPU
		{A20E5194-770D-41A8-B582-E06427367584}.Release|Any CPU.Build.0 = Release|Any CPU
		{9207895E-A4B0-49BF-B1A8-3AD7375560B5}.Debug|Any CPU.ActiveCfg = Debug|Any CPU
		{9207895E-A4B0-49BF-B1A8-3AD7375560B5}.Debug|Any CPU.Build.0 = Debug|Any CPU
		{9207895E-A4B0-49BF-B1A8-3AD7375560B5}.Release|Any CPU.ActiveCfg = Release|Any CPU
		{9207895E-A4B0-49BF-B1A8-3AD7375560B5}.Release|Any CPU.Build.0 = Release|Any CPU
		{8C5D5E3C-1F52-4CBD-89D0-9ABFC5771A0C}.Debug|Any CPU.ActiveCfg = Debug|Any CPU
		{8C5D5E3C-1F52-4CBD-89D0-9ABFC5771A0C}.Debug|Any CPU.Build.0 = Debug|Any CPU
		{8C5D5E3C-1F52-4CBD-89D0-9ABFC5771A0C}.Release|Any CPU.ActiveCfg = Release|Any CPU
		{8C5D5E3C-1F52-4CBD-89D0-9ABFC5771A0C}.Release|Any CPU.Build.0 = Release|Any CPU
		{0737A9A9-8B84-4F51-8949-6C172F15CD77}.Debug|Any CPU.ActiveCfg = Debug|Any CPU
		{0737A9A9-8B84-4F51-8949-6C172F15CD77}.Debug|Any CPU.Build.0 = Debug|Any CPU
		{0737A9A9-8B84-4F51-8949-6C172F15CD77}.Release|Any CPU.ActiveCfg = Release|Any CPU
		{0737A9A9-8B84-4F51-8949-6C172F15CD77}.Release|Any CPU.Build.0 = Release|Any CPU
		{A33DDC32-3270-4D34-A642-7DBA88C9818E}.Debug|Any CPU.ActiveCfg = Debug|Any CPU
		{A33DDC32-3270-4D34-A642-7DBA88C9818E}.Debug|Any CPU.Build.0 = Debug|Any CPU
		{A33DDC32-3270-4D34-A642-7DBA88C9818E}.Release|Any CPU.ActiveCfg = Release|Any CPU
		{A33DDC32-3270-4D34-A642-7DBA88C9818E}.Release|Any CPU.Build.0 = Release|Any CPU
		{1EE55461-D1DA-4F90-9FFD-BEAB2B13BB72}.Debug|Any CPU.ActiveCfg = Debug|Any CPU
		{1EE55461-D1DA-4F90-9FFD-BEAB2B13BB72}.Debug|Any CPU.Build.0 = Debug|Any CPU
		{1EE55461-D1DA-4F90-9FFD-BEAB2B13BB72}.Release|Any CPU.ActiveCfg = Release|Any CPU
		{1EE55461-D1DA-4F90-9FFD-BEAB2B13BB72}.Release|Any CPU.Build.0 = Release|Any CPU
		{CF5E03B2-2964-4652-9799-0E18BE027176}.Debug|Any CPU.ActiveCfg = Debug|Any CPU
		{CF5E03B2-2964-4652-9799-0E18BE027176}.Debug|Any CPU.Build.0 = Debug|Any CPU
		{CF5E03B2-2964-4652-9799-0E18BE027176}.Release|Any CPU.ActiveCfg = Release|Any CPU
		{CF5E03B2-2964-4652-9799-0E18BE027176}.Release|Any CPU.Build.0 = Release|Any CPU
		{9D853B29-1DF9-498B-81B8-18351E6827FE}.Debug|Any CPU.ActiveCfg = Debug|Any CPU
		{9D853B29-1DF9-498B-81B8-18351E6827FE}.Debug|Any CPU.Build.0 = Debug|Any CPU
		{9D853B29-1DF9-498B-81B8-18351E6827FE}.Release|Any CPU.ActiveCfg = Release|Any CPU
		{9D853B29-1DF9-498B-81B8-18351E6827FE}.Release|Any CPU.Build.0 = Release|Any CPU
		{8EA292A2-5AD4-477D-ABD2-B83A0E5E32D4}.Debug|Any CPU.ActiveCfg = Debug|Any CPU
		{8EA292A2-5AD4-477D-ABD2-B83A0E5E32D4}.Debug|Any CPU.Build.0 = Debug|Any CPU
		{8EA292A2-5AD4-477D-ABD2-B83A0E5E32D4}.Release|Any CPU.ActiveCfg = Release|Any CPU
		{8EA292A2-5AD4-477D-ABD2-B83A0E5E32D4}.Release|Any CPU.Build.0 = Release|Any CPU
		{70F2B2E7-F427-4F24-92C5-FE47057FEB43}.Debug|Any CPU.ActiveCfg = Debug|Any CPU
		{70F2B2E7-F427-4F24-92C5-FE47057FEB43}.Debug|Any CPU.Build.0 = Debug|Any CPU
		{70F2B2E7-F427-4F24-92C5-FE47057FEB43}.Release|Any CPU.ActiveCfg = Release|Any CPU
		{70F2B2E7-F427-4F24-92C5-FE47057FEB43}.Release|Any CPU.Build.0 = Release|Any CPU
		{341ACA88-3754-4AE5-BEE0-525DFC12F71C}.Debug|Any CPU.ActiveCfg = Debug|Any CPU
		{341ACA88-3754-4AE5-BEE0-525DFC12F71C}.Debug|Any CPU.Build.0 = Debug|Any CPU
		{341ACA88-3754-4AE5-BEE0-525DFC12F71C}.Release|Any CPU.ActiveCfg = Release|Any CPU
		{341ACA88-3754-4AE5-BEE0-525DFC12F71C}.Release|Any CPU.Build.0 = Release|Any CPU
		{2C903B35-FB6D-4666-AB4E-FD8587A1E965}.Debug|Any CPU.ActiveCfg = Debug|Any CPU
		{2C903B35-FB6D-4666-AB4E-FD8587A1E965}.Debug|Any CPU.Build.0 = Debug|Any CPU
		{2C903B35-FB6D-4666-AB4E-FD8587A1E965}.Release|Any CPU.ActiveCfg = Release|Any CPU
		{2C903B35-FB6D-4666-AB4E-FD8587A1E965}.Release|Any CPU.Build.0 = Release|Any CPU
		{DB87F2D8-D0F9-428C-AAF4-466FD1148DCD}.Debug|Any CPU.ActiveCfg = Debug|Any CPU
		{DB87F2D8-D0F9-428C-AAF4-466FD1148DCD}.Debug|Any CPU.Build.0 = Debug|Any CPU
		{DB87F2D8-D0F9-428C-AAF4-466FD1148DCD}.Release|Any CPU.ActiveCfg = Release|Any CPU
		{DB87F2D8-D0F9-428C-AAF4-466FD1148DCD}.Release|Any CPU.Build.0 = Release|Any CPU
	EndGlobalSection
	GlobalSection(SolutionProperties) = preSolution
		HideSolutionNode = FALSE
	EndGlobalSection
	GlobalSection(NestedProjects) = preSolution
		{AEA6EAF0-E986-4234-A096-667E788F19C1} = {E115533A-3280-47B9-A0EA-4674D86F84D7}
		{BC2D1CA0-28AA-465E-A8CB-EBE99A01AB9B} = {E115533A-3280-47B9-A0EA-4674D86F84D7}
		{70E97CF8-A0D0-4D40-A755-86C51B97BC78} = {E115533A-3280-47B9-A0EA-4674D86F84D7}
		{7FF3336D-A52B-437E-B5D7-35495DFAEEA9} = {E115533A-3280-47B9-A0EA-4674D86F84D7}
		{23F332B3-D97A-4C4E-BA86-5666DB90192C} = {E115533A-3280-47B9-A0EA-4674D86F84D7}
		{F3CE16F9-E628-46B4-805C-6EABA7596EF3} = {E115533A-3280-47B9-A0EA-4674D86F84D7}
		{E6686113-54E6-463A-875B-D558F59AE86F} = {E115533A-3280-47B9-A0EA-4674D86F84D7}
		{E6BCC5F7-6347-4577-84AA-CF2F23A7F905} = {E115533A-3280-47B9-A0EA-4674D86F84D7}
		{07082F11-244A-4618-8EC3-AAC7E30F47B8} = {5666F1B7-FB19-42DD-8632-C29E5DA800F3}
		{6147D344-0195-4799-944F-91BF5F384C60} = {5666F1B7-FB19-42DD-8632-C29E5DA800F3}
		{9C93F9DB-137B-4514-B374-77F473EC3D3E} = {5666F1B7-FB19-42DD-8632-C29E5DA800F3}
		{B0BB65BF-5AC9-42AE-B479-86B40099CEA9} = {5666F1B7-FB19-42DD-8632-C29E5DA800F3}
		{51D73F9E-CA99-46C3-9B65-21F71A4B056F} = {E115533A-3280-47B9-A0EA-4674D86F84D7}
		{7E2B65D4-19B1-4B72-9D0A-8F97A1DE8A9A} = {E115533A-3280-47B9-A0EA-4674D86F84D7}
		{9786075E-A735-489A-8B17-B096D1E49C61} = {E115533A-3280-47B9-A0EA-4674D86F84D7}
		{196B2D80-25EA-47B3-8E91-AC0A75112DBD} = {E115533A-3280-47B9-A0EA-4674D86F84D7}
		{DCDA7590-7383-4406-A98A-B9153C26C852} = {E115533A-3280-47B9-A0EA-4674D86F84D7}
		{21F615CA-E54F-4529-867D-6A2E31F33310} = {E115533A-3280-47B9-A0EA-4674D86F84D7}
		{E7E268FA-5C36-4B15-9182-74D108FB2E62} = {E115533A-3280-47B9-A0EA-4674D86F84D7}
		{DBAB464D-4B80-41E3-A30F-1A02CA9FA337} = {E115533A-3280-47B9-A0EA-4674D86F84D7}
		{F1077E09-277B-4BDF-B166-66C23A2CA314} = {E115533A-3280-47B9-A0EA-4674D86F84D7}
		{6731C7F8-EF5C-48E2-938C-DE72255FAFF2} = {E115533A-3280-47B9-A0EA-4674D86F84D7}
		{5B13998C-78B2-4E11-9FC8-C8A7522811D5} = {E115533A-3280-47B9-A0EA-4674D86F84D7}
		{6D7A412F-74BF-4CE3-ADB9-ADD6D64593A5} = {E115533A-3280-47B9-A0EA-4674D86F84D7}
		{628AC111-4B12-4913-8E68-722C28667F42} = {E115533A-3280-47B9-A0EA-4674D86F84D7}
		{6E666358-EF22-494F-AA92-10EFFC12A13C} = {E115533A-3280-47B9-A0EA-4674D86F84D7}
		{90DA7B1A-C9DA-44C1-865A-9CFF6F048C01} = {E115533A-3280-47B9-A0EA-4674D86F84D7}
		{B00E1BA8-833F-4C42-ADFE-386005AB94BE} = {E115533A-3280-47B9-A0EA-4674D86F84D7}
		{BBC3D04C-7FE9-4B15-834C-C565F76F0234} = {E115533A-3280-47B9-A0EA-4674D86F84D7}
		{E3BD47FE-75B5-4D61-A4A7-F5B725932D7C} = {E115533A-3280-47B9-A0EA-4674D86F84D7}
		{59E4F2A2-3278-40FE-88DC-AA22E470A416} = {E115533A-3280-47B9-A0EA-4674D86F84D7}
		{741A47F6-9FA9-4069-8C6F-BAA1ED1990FC} = {E115533A-3280-47B9-A0EA-4674D86F84D7}
		{262F7FBB-DAD4-4A94-A618-9FE57B06DAAD} = {E115533A-3280-47B9-A0EA-4674D86F84D7}
		{BC22AD6C-D21E-47EE-A3EA-16E2BD17139D} = {E115533A-3280-47B9-A0EA-4674D86F84D7}
		{517F1510-ACF6-4AA8-B8CF-79C90A78C4EA} = {E115533A-3280-47B9-A0EA-4674D86F84D7}
		{B0C074FF-300C-4E68-9D3D-13AF14DB8B43} = {E115533A-3280-47B9-A0EA-4674D86F84D7}
		{104BCBB3-6D5E-4762-9871-C233CC0CD5AB} = {E115533A-3280-47B9-A0EA-4674D86F84D7}
		{B8612674-2F73-4D34-AF86-93673A6B7975} = {E115533A-3280-47B9-A0EA-4674D86F84D7}
		{CC4B6A51-932E-47DA-8432-FDFD96B5FB50} = {E115533A-3280-47B9-A0EA-4674D86F84D7}
		{C064A0C3-5333-40CB-ACE3-67A9FA871965} = {E115533A-3280-47B9-A0EA-4674D86F84D7}
		{70618DB7-F82B-4C3A-82A2-5DD8B2A47AE9} = {E115533A-3280-47B9-A0EA-4674D86F84D7}
		{A20E5194-770D-41A8-B582-E06427367584} = {E115533A-3280-47B9-A0EA-4674D86F84D7}
		{9207895E-A4B0-49BF-B1A8-3AD7375560B5} = {E115533A-3280-47B9-A0EA-4674D86F84D7}
		{8C5D5E3C-1F52-4CBD-89D0-9ABFC5771A0C} = {E115533A-3280-47B9-A0EA-4674D86F84D7}
		{0737A9A9-8B84-4F51-8949-6C172F15CD77} = {E115533A-3280-47B9-A0EA-4674D86F84D7}
		{A33DDC32-3270-4D34-A642-7DBA88C9818E} = {E115533A-3280-47B9-A0EA-4674D86F84D7}
		{1EE55461-D1DA-4F90-9FFD-BEAB2B13BB72} = {E115533A-3280-47B9-A0EA-4674D86F84D7}
		{CF5E03B2-2964-4652-9799-0E18BE027176} = {E115533A-3280-47B9-A0EA-4674D86F84D7}
		{9D853B29-1DF9-498B-81B8-18351E6827FE} = {E115533A-3280-47B9-A0EA-4674D86F84D7}
		{8EA292A2-5AD4-477D-ABD2-B83A0E5E32D4} = {E115533A-3280-47B9-A0EA-4674D86F84D7}
		{70F2B2E7-F427-4F24-92C5-FE47057FEB43} = {E115533A-3280-47B9-A0EA-4674D86F84D7}
		{341ACA88-3754-4AE5-BEE0-525DFC12F71C} = {E115533A-3280-47B9-A0EA-4674D86F84D7}
		{2C903B35-FB6D-4666-AB4E-FD8587A1E965} = {E115533A-3280-47B9-A0EA-4674D86F84D7}
		{DB87F2D8-D0F9-428C-AAF4-466FD1148DCD} = {E115533A-3280-47B9-A0EA-4674D86F84D7}
	EndGlobalSection
EndGlobal
